// !$*UTF8*$!
{
	archiveVersion = 1;
	classes = {
	};
	objectVersion = 51;
	objects = {

/* Begin PBXBuildFile section */
		190E3827265B1D0D00F5A06A /* API.swift in Sources */ = {isa = PBXBuildFile; fileRef = 190E3826265B1D0D00F5A06A /* API.swift */; };
		190E3829265B1D1C00F5A06A /* APIManager.swift in Sources */ = {isa = PBXBuildFile; fileRef = 190E3828265B1D1C00F5A06A /* APIManager.swift */; };
		195260E1265F3490003FFEAE /* SessionManager.swift in Sources */ = {isa = PBXBuildFile; fileRef = 195260E0265F3490003FFEAE /* SessionManager.swift */; };
		195260E4265F4DD5003FFEAE /* FortgotPasswordViewController.swift in Sources */ = {isa = PBXBuildFile; fileRef = 195260E3265F4DD5003FFEAE /* FortgotPasswordViewController.swift */; };
		195260E6265F4DE1003FFEAE /* ForgotPasswordController.swift in Sources */ = {isa = PBXBuildFile; fileRef = 195260E5265F4DE1003FFEAE /* ForgotPasswordController.swift */; };
		195260E9265F4DFD003FFEAE /* ConfirmationPasswordViewController.swift in Sources */ = {isa = PBXBuildFile; fileRef = 195260E8265F4DFD003FFEAE /* ConfirmationPasswordViewController.swift */; };
		195260EB265F4E06003FFEAE /* ConfirmationPasswordController.swift in Sources */ = {isa = PBXBuildFile; fileRef = 195260EA265F4E06003FFEAE /* ConfirmationPasswordController.swift */; };
		195D06E52659D47200499592 /* StyleTextField.swift in Sources */ = {isa = PBXBuildFile; fileRef = 195D06E42659D47200499592 /* StyleTextField.swift */; };
		1969AF75265B205600804AC9 /* User.swift in Sources */ = {isa = PBXBuildFile; fileRef = 1969AF74265B205600804AC9 /* User.swift */; };
		197A6BED265A10EC00E61200 /* AdViewController.swift in Sources */ = {isa = PBXBuildFile; fileRef = 197A6BEC265A10EC00E61200 /* AdViewController.swift */; };
		19AB7B93265945D10077661F /* AppDelegate.swift in Sources */ = {isa = PBXBuildFile; fileRef = 19AB7B92265945D10077661F /* AppDelegate.swift */; };
		19AB7B95265945D10077661F /* SceneDelegate.swift in Sources */ = {isa = PBXBuildFile; fileRef = 19AB7B94265945D10077661F /* SceneDelegate.swift */; };
		19AB7B9C265945D20077661F /* Assets.xcassets in Resources */ = {isa = PBXBuildFile; fileRef = 19AB7B9B265945D20077661F /* Assets.xcassets */; };
		19AB7B9F265945D20077661F /* LaunchScreen.storyboard in Resources */ = {isa = PBXBuildFile; fileRef = 19AB7B9D265945D20077661F /* LaunchScreen.storyboard */; };
		19AB7BAC26594CC70077661F /* ViewConfigurationProtocol.swift in Sources */ = {isa = PBXBuildFile; fileRef = 19AB7BAB26594CC70077661F /* ViewConfigurationProtocol.swift */; };
		19AB7BAF265954350077661F /* LoginViewController.swift in Sources */ = {isa = PBXBuildFile; fileRef = 19AB7BAE265954350077661F /* LoginViewController.swift */; };
		19AB7BB126598A770077661F /* RegisterViewController.swift in Sources */ = {isa = PBXBuildFile; fileRef = 19AB7BB026598A770077661F /* RegisterViewController.swift */; };
		19D22F05265A133F009DB576 /* AdDataSource.swift in Sources */ = {isa = PBXBuildFile; fileRef = 19D22F04265A133F009DB576 /* AdDataSource.swift */; };
		19D22F07265A134B009DB576 /* AdController.swift in Sources */ = {isa = PBXBuildFile; fileRef = 19D22F06265A134B009DB576 /* AdController.swift */; };
		19D22F09265A1391009DB576 /* Immobile.swift in Sources */ = {isa = PBXBuildFile; fileRef = 19D22F08265A1391009DB576 /* Immobile.swift */; };
		19D22F0B265A155A009DB576 /* ImmobileCell.swift in Sources */ = {isa = PBXBuildFile; fileRef = 19D22F0A265A155A009DB576 /* ImmobileCell.swift */; };
		19D22F0D265A1F51009DB576 /* UIColor+Custom.swift in Sources */ = {isa = PBXBuildFile; fileRef = 19D22F0C265A1F51009DB576 /* UIColor+Custom.swift */; };
		19F26A88265C6CEA007375C5 /* UserAPI.swift in Sources */ = {isa = PBXBuildFile; fileRef = 19F26A87265C6CEA007375C5 /* UserAPI.swift */; };
		19F26A8A265C778E007375C5 /* RegisterController.swift in Sources */ = {isa = PBXBuildFile; fileRef = 19F26A89265C778E007375C5 /* RegisterController.swift */; };
		19F26A8C265CA261007375C5 /* LoginController.swift in Sources */ = {isa = PBXBuildFile; fileRef = 19F26A8B265CA261007375C5 /* LoginController.swift */; };
		19F7354F27076F4600041037 /* HighlightsViewController.swift in Sources */ = {isa = PBXBuildFile; fileRef = 19F7354E27076F4600041037 /* HighlightsViewController.swift */; };
		19F7355127076F4E00041037 /* HighlightsDataSource.swift in Sources */ = {isa = PBXBuildFile; fileRef = 19F7355027076F4E00041037 /* HighlightsDataSource.swift */; };
		19F73553270771C800041037 /* HighlightsController.swift in Sources */ = {isa = PBXBuildFile; fileRef = 19F73552270771C800041037 /* HighlightsController.swift */; };
		19F73556270773AF00041037 /* LeaveViewController.swift in Sources */ = {isa = PBXBuildFile; fileRef = 19F73555270773AF00041037 /* LeaveViewController.swift */; };
		D6A444C99919B3BDB25E7E7F /* Pods_BMT_Mobile.framework in Frameworks */ = {isa = PBXBuildFile; fileRef = BC7D4EAFFADBF78F9A515DD7 /* Pods_BMT_Mobile.framework */; };
/* End PBXBuildFile section */

/* Begin PBXFileReference section */
		190E3826265B1D0D00F5A06A /* API.swift */ = {isa = PBXFileReference; lastKnownFileType = sourcecode.swift; path = API.swift; sourceTree = "<group>"; };
		190E3828265B1D1C00F5A06A /* APIManager.swift */ = {isa = PBXFileReference; lastKnownFileType = sourcecode.swift; path = APIManager.swift; sourceTree = "<group>"; };
		195260E0265F3490003FFEAE /* SessionManager.swift */ = {isa = PBXFileReference; fileEncoding = 4; lastKnownFileType = sourcecode.swift; path = SessionManager.swift; sourceTree = "<group>"; };
		195260E3265F4DD5003FFEAE /* FortgotPasswordViewController.swift */ = {isa = PBXFileReference; lastKnownFileType = sourcecode.swift; path = FortgotPasswordViewController.swift; sourceTree = "<group>"; };
		195260E5265F4DE1003FFEAE /* ForgotPasswordController.swift */ = {isa = PBXFileReference; lastKnownFileType = sourcecode.swift; path = ForgotPasswordController.swift; sourceTree = "<group>"; };
		195260E8265F4DFD003FFEAE /* ConfirmationPasswordViewController.swift */ = {isa = PBXFileReference; lastKnownFileType = sourcecode.swift; path = ConfirmationPasswordViewController.swift; sourceTree = "<group>"; };
		195260EA265F4E06003FFEAE /* ConfirmationPasswordController.swift */ = {isa = PBXFileReference; lastKnownFileType = sourcecode.swift; path = ConfirmationPasswordController.swift; sourceTree = "<group>"; };
		195D06E42659D47200499592 /* StyleTextField.swift */ = {isa = PBXFileReference; lastKnownFileType = sourcecode.swift; path = StyleTextField.swift; sourceTree = "<group>"; };
		1969AF74265B205600804AC9 /* User.swift */ = {isa = PBXFileReference; lastKnownFileType = sourcecode.swift; path = User.swift; sourceTree = "<group>"; };
		197A6BEC265A10EC00E61200 /* AdViewController.swift */ = {isa = PBXFileReference; lastKnownFileType = sourcecode.swift; path = AdViewController.swift; sourceTree = "<group>"; };
		19AB7B8F265945D10077661F /* BMT-Mobile.app */ = {isa = PBXFileReference; explicitFileType = wrapper.application; includeInIndex = 0; path = "BMT-Mobile.app"; sourceTree = BUILT_PRODUCTS_DIR; };
		19AB7B92265945D10077661F /* AppDelegate.swift */ = {isa = PBXFileReference; lastKnownFileType = sourcecode.swift; path = AppDelegate.swift; sourceTree = "<group>"; };
		19AB7B94265945D10077661F /* SceneDelegate.swift */ = {isa = PBXFileReference; lastKnownFileType = sourcecode.swift; path = SceneDelegate.swift; sourceTree = "<group>"; };
		19AB7B9B265945D20077661F /* Assets.xcassets */ = {isa = PBXFileReference; lastKnownFileType = folder.assetcatalog; path = Assets.xcassets; sourceTree = "<group>"; };
		19AB7B9E265945D20077661F /* Base */ = {isa = PBXFileReference; lastKnownFileType = file.storyboard; name = Base; path = Base.lproj/LaunchScreen.storyboard; sourceTree = "<group>"; };
		19AB7BA0265945D20077661F /* Info.plist */ = {isa = PBXFileReference; lastKnownFileType = text.plist.xml; path = Info.plist; sourceTree = "<group>"; };
		19AB7BAB26594CC70077661F /* ViewConfigurationProtocol.swift */ = {isa = PBXFileReference; lastKnownFileType = sourcecode.swift; path = ViewConfigurationProtocol.swift; sourceTree = "<group>"; };
		19AB7BAE265954350077661F /* LoginViewController.swift */ = {isa = PBXFileReference; lastKnownFileType = sourcecode.swift; path = LoginViewController.swift; sourceTree = "<group>"; };
		19AB7BB026598A770077661F /* RegisterViewController.swift */ = {isa = PBXFileReference; lastKnownFileType = sourcecode.swift; path = RegisterViewController.swift; sourceTree = "<group>"; };
		19D22F04265A133F009DB576 /* AdDataSource.swift */ = {isa = PBXFileReference; lastKnownFileType = sourcecode.swift; path = AdDataSource.swift; sourceTree = "<group>"; };
		19D22F06265A134B009DB576 /* AdController.swift */ = {isa = PBXFileReference; lastKnownFileType = sourcecode.swift; path = AdController.swift; sourceTree = "<group>"; };
		19D22F08265A1391009DB576 /* Immobile.swift */ = {isa = PBXFileReference; lastKnownFileType = sourcecode.swift; path = Immobile.swift; sourceTree = "<group>"; };
		19D22F0A265A155A009DB576 /* ImmobileCell.swift */ = {isa = PBXFileReference; lastKnownFileType = sourcecode.swift; path = ImmobileCell.swift; sourceTree = "<group>"; };
		19D22F0C265A1F51009DB576 /* UIColor+Custom.swift */ = {isa = PBXFileReference; lastKnownFileType = sourcecode.swift; path = "UIColor+Custom.swift"; sourceTree = "<group>"; };
		19F26A87265C6CEA007375C5 /* UserAPI.swift */ = {isa = PBXFileReference; lastKnownFileType = sourcecode.swift; path = UserAPI.swift; sourceTree = "<group>"; };
		19F26A89265C778E007375C5 /* RegisterController.swift */ = {isa = PBXFileReference; lastKnownFileType = sourcecode.swift; path = RegisterController.swift; sourceTree = "<group>"; };
		19F26A8B265CA261007375C5 /* LoginController.swift */ = {isa = PBXFileReference; lastKnownFileType = sourcecode.swift; path = LoginController.swift; sourceTree = "<group>"; };
		19F7354E27076F4600041037 /* HighlightsViewController.swift */ = {isa = PBXFileReference; lastKnownFileType = sourcecode.swift; path = HighlightsViewController.swift; sourceTree = "<group>"; };
		19F7355027076F4E00041037 /* HighlightsDataSource.swift */ = {isa = PBXFileReference; lastKnownFileType = sourcecode.swift; path = HighlightsDataSource.swift; sourceTree = "<group>"; };
		19F73552270771C800041037 /* HighlightsController.swift */ = {isa = PBXFileReference; lastKnownFileType = sourcecode.swift; path = HighlightsController.swift; sourceTree = "<group>"; };
		19F73555270773AF00041037 /* LeaveViewController.swift */ = {isa = PBXFileReference; lastKnownFileType = sourcecode.swift; path = LeaveViewController.swift; sourceTree = "<group>"; };
		89AE2441BD4CF6D4AD3B6CCD /* Pods-BMT-Mobile.debug.xcconfig */ = {isa = PBXFileReference; includeInIndex = 1; lastKnownFileType = text.xcconfig; name = "Pods-BMT-Mobile.debug.xcconfig"; path = "Target Support Files/Pods-BMT-Mobile/Pods-BMT-Mobile.debug.xcconfig"; sourceTree = "<group>"; };
		BC7D4EAFFADBF78F9A515DD7 /* Pods_BMT_Mobile.framework */ = {isa = PBXFileReference; explicitFileType = wrapper.framework; includeInIndex = 0; path = Pods_BMT_Mobile.framework; sourceTree = BUILT_PRODUCTS_DIR; };
		C84C29307F7FFB3F26421685 /* Pods-BMT-Mobile.release.xcconfig */ = {isa = PBXFileReference; includeInIndex = 1; lastKnownFileType = text.xcconfig; name = "Pods-BMT-Mobile.release.xcconfig"; path = "Target Support Files/Pods-BMT-Mobile/Pods-BMT-Mobile.release.xcconfig"; sourceTree = "<group>"; };
/* End PBXFileReference section */

/* Begin PBXFrameworksBuildPhase section */
		19AB7B8C265945D10077661F /* Frameworks */ = {
			isa = PBXFrameworksBuildPhase;
			buildActionMask = 2147483647;
			files = (
				D6A444C99919B3BDB25E7E7F /* Pods_BMT_Mobile.framework in Frameworks */,
			);
			runOnlyForDeploymentPostprocessing = 0;
		};
/* End PBXFrameworksBuildPhase section */

/* Begin PBXGroup section */
		0305263CCC37E21D6A481007 /* Pods */ = {
			isa = PBXGroup;
			children = (
				89AE2441BD4CF6D4AD3B6CCD /* Pods-BMT-Mobile.debug.xcconfig */,
				C84C29307F7FFB3F26421685 /* Pods-BMT-Mobile.release.xcconfig */,
			);
			path = Pods;
			sourceTree = "<group>";
		};
		195260E2265F4DC2003FFEAE /* ForgotPassword */ = {
			isa = PBXGroup;
			children = (
				195260E3265F4DD5003FFEAE /* FortgotPasswordViewController.swift */,
				195260E5265F4DE1003FFEAE /* ForgotPasswordController.swift */,
			);
			path = ForgotPassword;
			sourceTree = "<group>";
		};
		195260E7265F4DE8003FFEAE /* ConfirmationPassword */ = {
			isa = PBXGroup;
			children = (
				195260E8265F4DFD003FFEAE /* ConfirmationPasswordViewController.swift */,
				195260EA265F4E06003FFEAE /* ConfirmationPasswordController.swift */,
			);
			path = ConfirmationPassword;
			sourceTree = "<group>";
		};
		197A6BE8265A10B800E61200 /* Login */ = {
			isa = PBXGroup;
			children = (
				19AB7BAE265954350077661F /* LoginViewController.swift */,
				19F26A8B265CA261007375C5 /* LoginController.swift */,
			);
			path = Login;
			sourceTree = "<group>";
		};
		197A6BEA265A10C800E61200 /* Register */ = {
			isa = PBXGroup;
			children = (
				19AB7BB026598A770077661F /* RegisterViewController.swift */,
				19F26A89265C778E007375C5 /* RegisterController.swift */,
			);
			path = Register;
			sourceTree = "<group>";
		};
		197A6BEB265A10DE00E61200 /* Ad */ = {
			isa = PBXGroup;
			children = (
				197A6BEC265A10EC00E61200 /* AdViewController.swift */,
				19D22F04265A133F009DB576 /* AdDataSource.swift */,
				19D22F06265A134B009DB576 /* AdController.swift */,
				19D22F0A265A155A009DB576 /* ImmobileCell.swift */,
			);
			path = Ad;
			sourceTree = "<group>";
		};
		19AB7B86265945D10077661F = {
			isa = PBXGroup;
			children = (
				19AB7B91265945D10077661F /* BMT-Mobile */,
				19AB7B90265945D10077661F /* Products */,
				0305263CCC37E21D6A481007 /* Pods */,
				E45291ABC0CC53065460C0EA /* Frameworks */,
			);
			sourceTree = "<group>";
		};
		19AB7B90265945D10077661F /* Products */ = {
			isa = PBXGroup;
			children = (
				19AB7B8F265945D10077661F /* BMT-Mobile.app */,
			);
			name = Products;
			sourceTree = "<group>";
		};
		19AB7B91265945D10077661F /* BMT-Mobile */ = {
			isa = PBXGroup;
			children = (
				19AB7BA6265946540077661F /* Application */,
				19AB7BA8265946700077661F /* Networking */,
				19AB7BA72659466B0077661F /* Model */,
				19AB7BA9265946780077661F /* Resources */,
			);
			path = "BMT-Mobile";
			sourceTree = "<group>";
		};
		19AB7BA6265946540077661F /* Application */ = {
			isa = PBXGroup;
			children = (
				197A6BE8265A10B800E61200 /* Login */,
				197A6BEA265A10C800E61200 /* Register */,
				19F73554270773A100041037 /* Leave */,
				195260E7265F4DE8003FFEAE /* ConfirmationPassword */,
				195260E2265F4DC2003FFEAE /* ForgotPassword */,
				19F7354D27076EE900041037 /* Highlights */,
				197A6BEB265A10DE00E61200 /* Ad */,
			);
			path = Application;
			sourceTree = "<group>";
		};
		19AB7BA72659466B0077661F /* Model */ = {
			isa = PBXGroup;
			children = (
				19D22F08265A1391009DB576 /* Immobile.swift */,
				1969AF74265B205600804AC9 /* User.swift */,
				19F26A87265C6CEA007375C5 /* UserAPI.swift */,
			);
			path = Model;
			sourceTree = "<group>";
		};
		19AB7BA8265946700077661F /* Networking */ = {
			isa = PBXGroup;
			children = (
				190E3826265B1D0D00F5A06A /* API.swift */,
				190E3828265B1D1C00F5A06A /* APIManager.swift */,
			);
			path = Networking;
			sourceTree = "<group>";
		};
		19AB7BA9265946780077661F /* Resources */ = {
			isa = PBXGroup;
			children = (
				19AB7BAA26594CBD0077661F /* Helpers */,
				19AB7B92265945D10077661F /* AppDelegate.swift */,
				19AB7B94265945D10077661F /* SceneDelegate.swift */,
				19AB7B9B265945D20077661F /* Assets.xcassets */,
				19AB7B9D265945D20077661F /* LaunchScreen.storyboard */,
				19AB7BA0265945D20077661F /* Info.plist */,
			);
			path = Resources;
			sourceTree = "<group>";
		};
		19AB7BAA26594CBD0077661F /* Helpers */ = {
			isa = PBXGroup;
			children = (
				195260E0265F3490003FFEAE /* SessionManager.swift */,
				19AB7BAB26594CC70077661F /* ViewConfigurationProtocol.swift */,
				195D06E42659D47200499592 /* StyleTextField.swift */,
				19D22F0C265A1F51009DB576 /* UIColor+Custom.swift */,
			);
			path = Helpers;
			sourceTree = "<group>";
		};
		19F7354D27076EE900041037 /* Highlights */ = {
			isa = PBXGroup;
			children = (
				19F7354E27076F4600041037 /* HighlightsViewController.swift */,
				19F7355027076F4E00041037 /* HighlightsDataSource.swift */,
				19F73552270771C800041037 /* HighlightsController.swift */,
			);
			path = Highlights;
			sourceTree = "<group>";
		};
		19F73554270773A100041037 /* Leave */ = {
			isa = PBXGroup;
			children = (
				19F73555270773AF00041037 /* LeaveViewController.swift */,
			);
			path = Leave;
			sourceTree = "<group>";
		};
		E45291ABC0CC53065460C0EA /* Frameworks */ = {
			isa = PBXGroup;
			children = (
				BC7D4EAFFADBF78F9A515DD7 /* Pods_BMT_Mobile.framework */,
			);
			name = Frameworks;
			sourceTree = "<group>";
		};
/* End PBXGroup section */

/* Begin PBXNativeTarget section */
		19AB7B8E265945D10077661F /* BMT-Mobile */ = {
			isa = PBXNativeTarget;
			buildConfigurationList = 19AB7BA3265945D20077661F /* Build configuration list for PBXNativeTarget "BMT-Mobile" */;
			buildPhases = (
				CDBAE67FA1E1EAE377B372ED /* [CP] Check Pods Manifest.lock */,
				19AB7B8B265945D10077661F /* Sources */,
				19AB7B8C265945D10077661F /* Frameworks */,
				19AB7B8D265945D10077661F /* Resources */,
				B8B6E426B1BC74AA9875EFD4 /* [CP] Embed Pods Frameworks */,
			);
			buildRules = (
			);
			dependencies = (
			);
			name = "BMT-Mobile";
			productName = "BMT-Mobile";
			productReference = 19AB7B8F265945D10077661F /* BMT-Mobile.app */;
			productType = "com.apple.product-type.application";
		};
/* End PBXNativeTarget section */

/* Begin PBXProject section */
		19AB7B87265945D10077661F /* Project object */ = {
			isa = PBXProject;
			attributes = {
				LastSwiftUpdateCheck = 1250;
				LastUpgradeCheck = 1250;
				TargetAttributes = {
					19AB7B8E265945D10077661F = {
						CreatedOnToolsVersion = 12.5;
					};
				};
			};
			buildConfigurationList = 19AB7B8A265945D10077661F /* Build configuration list for PBXProject "BMT-Mobile" */;
			compatibilityVersion = "Xcode 9.3";
			developmentRegion = en;
			hasScannedForEncodings = 0;
			knownRegions = (
				en,
				Base,
			);
			mainGroup = 19AB7B86265945D10077661F;
			productRefGroup = 19AB7B90265945D10077661F /* Products */;
			projectDirPath = "";
			projectRoot = "";
			targets = (
				19AB7B8E265945D10077661F /* BMT-Mobile */,
			);
		};
/* End PBXProject section */

/* Begin PBXResourcesBuildPhase section */
		19AB7B8D265945D10077661F /* Resources */ = {
			isa = PBXResourcesBuildPhase;
			buildActionMask = 2147483647;
			files = (
				19AB7B9F265945D20077661F /* LaunchScreen.storyboard in Resources */,
				19AB7B9C265945D20077661F /* Assets.xcassets in Resources */,
			);
			runOnlyForDeploymentPostprocessing = 0;
		};
/* End PBXResourcesBuildPhase section */

/* Begin PBXShellScriptBuildPhase section */
		B8B6E426B1BC74AA9875EFD4 /* [CP] Embed Pods Frameworks */ = {
			isa = PBXShellScriptBuildPhase;
			buildActionMask = 2147483647;
			files = (
			);
			inputFileListPaths = (
				"${PODS_ROOT}/Target Support Files/Pods-BMT-Mobile/Pods-BMT-Mobile-frameworks-${CONFIGURATION}-input-files.xcfilelist",
			);
			name = "[CP] Embed Pods Frameworks";
			outputFileListPaths = (
				"${PODS_ROOT}/Target Support Files/Pods-BMT-Mobile/Pods-BMT-Mobile-frameworks-${CONFIGURATION}-output-files.xcfilelist",
			);
			runOnlyForDeploymentPostprocessing = 0;
			shellPath = /bin/sh;
			shellScript = "\"${PODS_ROOT}/Target Support Files/Pods-BMT-Mobile/Pods-BMT-Mobile-frameworks.sh\"\n";
			showEnvVarsInLog = 0;
		};
		CDBAE67FA1E1EAE377B372ED /* [CP] Check Pods Manifest.lock */ = {
			isa = PBXShellScriptBuildPhase;
			buildActionMask = 2147483647;
			files = (
			);
			inputFileListPaths = (
			);
			inputPaths = (
				"${PODS_PODFILE_DIR_PATH}/Podfile.lock",
				"${PODS_ROOT}/Manifest.lock",
			);
			name = "[CP] Check Pods Manifest.lock";
			outputFileListPaths = (
			);
			outputPaths = (
				"$(DERIVED_FILE_DIR)/Pods-BMT-Mobile-checkManifestLockResult.txt",
			);
			runOnlyForDeploymentPostprocessing = 0;
			shellPath = /bin/sh;
			shellScript = "diff \"${PODS_PODFILE_DIR_PATH}/Podfile.lock\" \"${PODS_ROOT}/Manifest.lock\" > /dev/null\nif [ $? != 0 ] ; then\n    # print error to STDERR\n    echo \"error: The sandbox is not in sync with the Podfile.lock. Run 'pod install' or update your CocoaPods installation.\" >&2\n    exit 1\nfi\n# This output is used by Xcode 'outputs' to avoid re-running this script phase.\necho \"SUCCESS\" > \"${SCRIPT_OUTPUT_FILE_0}\"\n";
			showEnvVarsInLog = 0;
		};
/* End PBXShellScriptBuildPhase section */

/* Begin PBXSourcesBuildPhase section */
		19AB7B8B265945D10077661F /* Sources */ = {
			isa = PBXSourcesBuildPhase;
			buildActionMask = 2147483647;
			files = (
				19F26A8C265CA261007375C5 /* LoginController.swift in Sources */,
				195260E1265F3490003FFEAE /* SessionManager.swift in Sources */,
				19AB7BAF265954350077661F /* LoginViewController.swift in Sources */,
				19F7355127076F4E00041037 /* HighlightsDataSource.swift in Sources */,
				19F7354F27076F4600041037 /* HighlightsViewController.swift in Sources */,
				19F73553270771C800041037 /* HighlightsController.swift in Sources */,
				195D06E52659D47200499592 /* StyleTextField.swift in Sources */,
				195260E4265F4DD5003FFEAE /* FortgotPasswordViewController.swift in Sources */,
				19D22F09265A1391009DB576 /* Immobile.swift in Sources */,
				19F26A88265C6CEA007375C5 /* UserAPI.swift in Sources */,
				1969AF75265B205600804AC9 /* User.swift in Sources */,
				195260E6265F4DE1003FFEAE /* ForgotPasswordController.swift in Sources */,
				19D22F07265A134B009DB576 /* AdController.swift in Sources */,
				19AB7B93265945D10077661F /* AppDelegate.swift in Sources */,
				19F26A8A265C778E007375C5 /* RegisterController.swift in Sources */,
				190E3827265B1D0D00F5A06A /* API.swift in Sources */,
				19D22F0D265A1F51009DB576 /* UIColor+Custom.swift in Sources */,
				195260E9265F4DFD003FFEAE /* ConfirmationPasswordViewController.swift in Sources */,
				19AB7BB126598A770077661F /* RegisterViewController.swift in Sources */,
				19D22F0B265A155A009DB576 /* ImmobileCell.swift in Sources */,
				195260EB265F4E06003FFEAE /* ConfirmationPasswordController.swift in Sources */,
				19D22F05265A133F009DB576 /* AdDataSource.swift in Sources */,
				19AB7B95265945D10077661F /* SceneDelegate.swift in Sources */,
				19F73556270773AF00041037 /* LeaveViewController.swift in Sources */,
				190E3829265B1D1C00F5A06A /* APIManager.swift in Sources */,
				197A6BED265A10EC00E61200 /* AdViewController.swift in Sources */,
				19AB7BAC26594CC70077661F /* ViewConfigurationProtocol.swift in Sources */,
			);
			runOnlyForDeploymentPostprocessing = 0;
		};
/* End PBXSourcesBuildPhase section */

/* Begin PBXVariantGroup section */
		19AB7B9D265945D20077661F /* LaunchScreen.storyboard */ = {
			isa = PBXVariantGroup;
			children = (
				19AB7B9E265945D20077661F /* Base */,
			);
			name = LaunchScreen.storyboard;
			sourceTree = "<group>";
		};
/* End PBXVariantGroup section */

/* Begin XCBuildConfiguration section */
		19AB7BA1265945D20077661F /* Debug */ = {
			isa = XCBuildConfiguration;
			buildSettings = {
				ALWAYS_SEARCH_USER_PATHS = NO;
				CLANG_ANALYZER_NONNULL = YES;
				CLANG_ANALYZER_NUMBER_OBJECT_CONVERSION = YES_AGGRESSIVE;
				CLANG_CXX_LANGUAGE_STANDARD = "gnu++14";
				CLANG_CXX_LIBRARY = "libc++";
				CLANG_ENABLE_MODULES = YES;
				CLANG_ENABLE_OBJC_ARC = YES;
				CLANG_ENABLE_OBJC_WEAK = YES;
				CLANG_WARN_BLOCK_CAPTURE_AUTORELEASING = YES;
				CLANG_WARN_BOOL_CONVERSION = YES;
				CLANG_WARN_COMMA = YES;
				CLANG_WARN_CONSTANT_CONVERSION = YES;
				CLANG_WARN_DEPRECATED_OBJC_IMPLEMENTATIONS = YES;
				CLANG_WARN_DIRECT_OBJC_ISA_USAGE = YES_ERROR;
				CLANG_WARN_DOCUMENTATION_COMMENTS = YES;
				CLANG_WARN_EMPTY_BODY = YES;
				CLANG_WARN_ENUM_CONVERSION = YES;
				CLANG_WARN_INFINITE_RECURSION = YES;
				CLANG_WARN_INT_CONVERSION = YES;
				CLANG_WARN_NON_LITERAL_NULL_CONVERSION = YES;
				CLANG_WARN_OBJC_IMPLICIT_RETAIN_SELF = YES;
				CLANG_WARN_OBJC_LITERAL_CONVERSION = YES;
				CLANG_WARN_OBJC_ROOT_CLASS = YES_ERROR;
				CLANG_WARN_QUOTED_INCLUDE_IN_FRAMEWORK_HEADER = YES;
				CLANG_WARN_RANGE_LOOP_ANALYSIS = YES;
				CLANG_WARN_STRICT_PROTOTYPES = YES;
				CLANG_WARN_SUSPICIOUS_MOVE = YES;
				CLANG_WARN_UNGUARDED_AVAILABILITY = YES_AGGRESSIVE;
				CLANG_WARN_UNREACHABLE_CODE = YES;
				CLANG_WARN__DUPLICATE_METHOD_MATCH = YES;
				COPY_PHASE_STRIP = NO;
				DEBUG_INFORMATION_FORMAT = dwarf;
				ENABLE_STRICT_OBJC_MSGSEND = YES;
				ENABLE_TESTABILITY = YES;
				GCC_C_LANGUAGE_STANDARD = gnu11;
				GCC_DYNAMIC_NO_PIC = NO;
				GCC_NO_COMMON_BLOCKS = YES;
				GCC_OPTIMIZATION_LEVEL = 0;
				GCC_PREPROCESSOR_DEFINITIONS = (
					"DEBUG=1",
					"$(inherited)",
				);
				GCC_WARN_64_TO_32_BIT_CONVERSION = YES;
				GCC_WARN_ABOUT_RETURN_TYPE = YES_ERROR;
				GCC_WARN_UNDECLARED_SELECTOR = YES;
				GCC_WARN_UNINITIALIZED_AUTOS = YES_AGGRESSIVE;
				GCC_WARN_UNUSED_FUNCTION = YES;
				GCC_WARN_UNUSED_VARIABLE = YES;
				INFOPLIST_FILE = "";
				IPHONEOS_DEPLOYMENT_TARGET = 14.5;
				MTL_ENABLE_DEBUG_INFO = INCLUDE_SOURCE;
				MTL_FAST_MATH = YES;
				ONLY_ACTIVE_ARCH = YES;
				SDKROOT = iphoneos;
				SWIFT_ACTIVE_COMPILATION_CONDITIONS = DEBUG;
				SWIFT_OPTIMIZATION_LEVEL = "-Onone";
			};
			name = Debug;
		};
		19AB7BA2265945D20077661F /* Release */ = {
			isa = XCBuildConfiguration;
			buildSettings = {
				ALWAYS_SEARCH_USER_PATHS = NO;
				CLANG_ANALYZER_NONNULL = YES;
				CLANG_ANALYZER_NUMBER_OBJECT_CONVERSION = YES_AGGRESSIVE;
				CLANG_CXX_LANGUAGE_STANDARD = "gnu++14";
				CLANG_CXX_LIBRARY = "libc++";
				CLANG_ENABLE_MODULES = YES;
				CLANG_ENABLE_OBJC_ARC = YES;
				CLANG_ENABLE_OBJC_WEAK = YES;
				CLANG_WARN_BLOCK_CAPTURE_AUTORELEASING = YES;
				CLANG_WARN_BOOL_CONVERSION = YES;
				CLANG_WARN_COMMA = YES;
				CLANG_WARN_CONSTANT_CONVERSION = YES;
				CLANG_WARN_DEPRECATED_OBJC_IMPLEMENTATIONS = YES;
				CLANG_WARN_DIRECT_OBJC_ISA_USAGE = YES_ERROR;
				CLANG_WARN_DOCUMENTATION_COMMENTS = YES;
				CLANG_WARN_EMPTY_BODY = YES;
				CLANG_WARN_ENUM_CONVERSION = YES;
				CLANG_WARN_INFINITE_RECURSION = YES;
				CLANG_WARN_INT_CONVERSION = YES;
				CLANG_WARN_NON_LITERAL_NULL_CONVERSION = YES;
				CLANG_WARN_OBJC_IMPLICIT_RETAIN_SELF = YES;
				CLANG_WARN_OBJC_LITERAL_CONVERSION = YES;
				CLANG_WARN_OBJC_ROOT_CLASS = YES_ERROR;
				CLANG_WARN_QUOTED_INCLUDE_IN_FRAMEWORK_HEADER = YES;
				CLANG_WARN_RANGE_LOOP_ANALYSIS = YES;
				CLANG_WARN_STRICT_PROTOTYPES = YES;
				CLANG_WARN_SUSPICIOUS_MOVE = YES;
				CLANG_WARN_UNGUARDED_AVAILABILITY = YES_AGGRESSIVE;
				CLANG_WARN_UNREACHABLE_CODE = YES;
				CLANG_WARN__DUPLICATE_METHOD_MATCH = YES;
				COPY_PHASE_STRIP = NO;
				DEBUG_INFORMATION_FORMAT = "dwarf-with-dsym";
				ENABLE_NS_ASSERTIONS = NO;
				ENABLE_STRICT_OBJC_MSGSEND = YES;
				GCC_C_LANGUAGE_STANDARD = gnu11;
				GCC_NO_COMMON_BLOCKS = YES;
				GCC_WARN_64_TO_32_BIT_CONVERSION = YES;
				GCC_WARN_ABOUT_RETURN_TYPE = YES_ERROR;
				GCC_WARN_UNDECLARED_SELECTOR = YES;
				GCC_WARN_UNINITIALIZED_AUTOS = YES_AGGRESSIVE;
				GCC_WARN_UNUSED_FUNCTION = YES;
				GCC_WARN_UNUSED_VARIABLE = YES;
				INFOPLIST_FILE = "";
				IPHONEOS_DEPLOYMENT_TARGET = 14.5;
				MTL_ENABLE_DEBUG_INFO = NO;
				MTL_FAST_MATH = YES;
				SDKROOT = iphoneos;
				SWIFT_COMPILATION_MODE = wholemodule;
				SWIFT_OPTIMIZATION_LEVEL = "-O";
				VALIDATE_PRODUCT = YES;
			};
			name = Release;
		};
		19AB7BA4265945D20077661F /* Debug */ = {
			isa = XCBuildConfiguration;
			baseConfigurationReference = 89AE2441BD4CF6D4AD3B6CCD /* Pods-BMT-Mobile.debug.xcconfig */;
			buildSettings = {
				ASSETCATALOG_COMPILER_APPICON_NAME = AppIcon;
				ASSETCATALOG_COMPILER_GLOBAL_ACCENT_COLOR_NAME = AccentColor;
				CODE_SIGN_STYLE = Automatic;
				DEVELOPMENT_TEAM = 4R8R6NNBY4;
				INFOPLIST_FILE = "BMT-Mobile/Resources/Info.plist";
				LD_RUNPATH_SEARCH_PATHS = (
					"$(inherited)",
					"@executable_path/Frameworks",
				);
				PRODUCT_BUNDLE_IDENTIFIER = "com.AccorsiGiuliano.BMT-Mobile";
				PRODUCT_NAME = "$(TARGET_NAME)";
				SWIFT_VERSION = 5.0;
				TARGETED_DEVICE_FAMILY = "1,2";
			};
			name = Debug;
		};
		19AB7BA5265945D20077661F /* Release */ = {
			isa = XCBuildConfiguration;
			baseConfigurationReference = C84C29307F7FFB3F26421685 /* Pods-BMT-Mobile.release.xcconfig */;
			buildSettings = {
				ASSETCATALOG_COMPILER_APPICON_NAME = AppIcon;
				ASSETCATALOG_COMPILER_GLOBAL_ACCENT_COLOR_NAME = AccentColor;
				CODE_SIGN_STYLE = Automatic;
				DEVELOPMENT_TEAM = 4R8R6NNBY4;
				INFOPLIST_FILE = "BMT-Mobile/Resources/Info.plist";
				LD_RUNPATH_SEARCH_PATHS = (
					"$(inherited)",
					"@executable_path/Frameworks",
				);
				PRODUCT_BUNDLE_IDENTIFIER = "com.AccorsiGiuliano.BMT-Mobile";
				PRODUCT_NAME = "$(TARGET_NAME)";
				SWIFT_VERSION = 5.0;
				TARGETED_DEVICE_FAMILY = "1,2";
			};
			name = Release;
		};
/* End XCBuildConfiguration section */

/* Begin XCConfigurationList section */
		19AB7B8A265945D10077661F /* Build configuration list for PBXProject "BMT-Mobile" */ = {
			isa = XCConfigurationList;
			buildConfigurations = (
				19AB7BA1265945D20077661F /* Debug */,
				19AB7BA2265945D20077661F /* Release */,
			);
			defaultConfigurationIsVisible = 0;
			defaultConfigurationName = Release;
		};
		19AB7BA3265945D20077661F /* Build configuration list for PBXNativeTarget "BMT-Mobile" */ = {
			isa = XCConfigurationList;
			buildConfigurations = (
				19AB7BA4265945D20077661F /* Debug */,
				19AB7BA5265945D20077661F /* Release */,
			);
			defaultConfigurationIsVisible = 0;
			defaultConfigurationName = Release;
		};
/* End XCConfigurationList section */
	};
	rootObject = 19AB7B87265945D10077661F /* Project object */;
}
