PODS:
  - Alamofire (5.4.1)
  - CBFlashyTabBarController (0.8.3)
  - FormTextField (3.1.0)
  - Kingfisher (6.1.0)

DEPENDENCIES:
  - Alamofire
  - CBFlashyTabBarController
  - FormTextField
  - Kingfisher

SPEC REPOS:
  trunk:
    - Alamofire
    - CBFlashyTabBarController
    - FormTextField
    - Kingfisher

SPEC CHECKSUMS:
  Alamofire: 2291f7d21ca607c491dd17642e5d40fdcda0e65c
  CBFlashyTabBarController: bc6b11dd4cbc9b54785c8944156e2f4d4f03b088
  FormTextField: 229e496b8dae002c5062ea5e961e2140528782e2
  Kingfisher: f5d8d60a0ef3edd642fd781bae60918599901aff

PODFILE CHECKSUM: de5e1cbe855f926e5645fc71e003b6e25990b343

COCOAPODS: 1.9.1
